// !$*UTF8*$!
{
	archiveVersion = 1;
	classes = {
	};
	objectVersion = 50;
	objects = {

/* Begin PBXBuildFile section */
		AA4AE5AC23D2EA2800A8515D /* AppDelegate.swift in Sources */ = {isa = PBXBuildFile; fileRef = AA4AE5AB23D2EA2800A8515D /* AppDelegate.swift */; };
		AA4AE5AE23D2EA2800A8515D /* SceneDelegate.swift in Sources */ = {isa = PBXBuildFile; fileRef = AA4AE5AD23D2EA2800A8515D /* SceneDelegate.swift */; };
		AA4AE5B023D2EA2800A8515D /* ViewController.swift in Sources */ = {isa = PBXBuildFile; fileRef = AA4AE5AF23D2EA2800A8515D /* ViewController.swift */; };
		AA4AE5B323D2EA2800A8515D /* Main.storyboard in Resources */ = {isa = PBXBuildFile; fileRef = AA4AE5B123D2EA2800A8515D /* Main.storyboard */; };
		AA4AE5B523D2EA2A00A8515D /* Assets.xcassets in Resources */ = {isa = PBXBuildFile; fileRef = AA4AE5B423D2EA2A00A8515D /* Assets.xcassets */; };
		AA4AE5B823D2EA2A00A8515D /* LaunchScreen.storyboard in Resources */ = {isa = PBXBuildFile; fileRef = AA4AE5B623D2EA2A00A8515D /* LaunchScreen.storyboard */; };
		AA4AE5C323D2EA2A00A8515D /* SwiftUtilitiesTests.swift in Sources */ = {isa = PBXBuildFile; fileRef = AA4AE5C223D2EA2A00A8515D /* SwiftUtilitiesTests.swift */; };
		AA4AE5D423D3007C00A8515D /* BytesConvertible.swift in Sources */ = {isa = PBXBuildFile; fileRef = AA4AE5D323D3007C00A8515D /* BytesConvertible.swift */; };
		AA4AE5D623D3008E00A8515D /* HexConvertible.swift in Sources */ = {isa = PBXBuildFile; fileRef = AA4AE5D523D3008E00A8515D /* HexConvertible.swift */; };
		AA4AE5D823D300EC00A8515D /* HexUtilsTests.swift in Sources */ = {isa = PBXBuildFile; fileRef = AA4AE5D723D300EC00A8515D /* HexUtilsTests.swift */; };
/* End PBXBuildFile section */

/* Begin PBXContainerItemProxy section */
		AA4AE5BF23D2EA2A00A8515D /* PBXContainerItemProxy */ = {
			isa = PBXContainerItemProxy;
			containerPortal = AA4AE5A023D2EA2800A8515D /* Project object */;
			proxyType = 1;
			remoteGlobalIDString = AA4AE5A723D2EA2800A8515D;
			remoteInfo = SwiftUtilities;
		};
/* End PBXContainerItemProxy section */

/* Begin PBXFileReference section */
		AA4AE5A823D2EA2800A8515D /* SwiftUtilities.app */ = {isa = PBXFileReference; explicitFileType = wrapper.application; includeInIndex = 0; path = SwiftUtilities.app; sourceTree = BUILT_PRODUCTS_DIR; };
		AA4AE5AB23D2EA2800A8515D /* AppDelegate.swift */ = {isa = PBXFileReference; lastKnownFileType = sourcecode.swift; path = AppDelegate.swift; sourceTree = "<group>"; };
		AA4AE5AD23D2EA2800A8515D /* SceneDelegate.swift */ = {isa = PBXFileReference; lastKnownFileType = sourcecode.swift; path = SceneDelegate.swift; sourceTree = "<group>"; };
		AA4AE5AF23D2EA2800A8515D /* ViewController.swift */ = {isa = PBXFileReference; lastKnownFileType = sourcecode.swift; path = ViewController.swift; sourceTree = "<group>"; };
		AA4AE5B223D2EA2800A8515D /* Base */ = {isa = PBXFileReference; lastKnownFileType = file.storyboard; name = Base; path = Base.lproj/Main.storyboard; sourceTree = "<group>"; };
		AA4AE5B423D2EA2A00A8515D /* Assets.xcassets */ = {isa = PBXFileReference; lastKnownFileType = folder.assetcatalog; path = Assets.xcassets; sourceTree = "<group>"; };
		AA4AE5B723D2EA2A00A8515D /* Base */ = {isa = PBXFileReference; lastKnownFileType = file.storyboard; name = Base; path = Base.lproj/LaunchScreen.storyboard; sourceTree = "<group>"; };
		AA4AE5B923D2EA2A00A8515D /* Info.plist */ = {isa = PBXFileReference; lastKnownFileType = text.plist.xml; path = Info.plist; sourceTree = "<group>"; };
		AA4AE5BE23D2EA2A00A8515D /* SwiftUtilitiesTests.xctest */ = {isa = PBXFileReference; explicitFileType = wrapper.cfbundle; includeInIndex = 0; path = SwiftUtilitiesTests.xctest; sourceTree = BUILT_PRODUCTS_DIR; };
		AA4AE5C223D2EA2A00A8515D /* SwiftUtilitiesTests.swift */ = {isa = PBXFileReference; lastKnownFileType = sourcecode.swift; path = SwiftUtilitiesTests.swift; sourceTree = "<group>"; };
		AA4AE5C423D2EA2A00A8515D /* Info.plist */ = {isa = PBXFileReference; lastKnownFileType = text.plist.xml; path = Info.plist; sourceTree = "<group>"; };
		AA4AE5D323D3007C00A8515D /* BytesConvertible.swift */ = {isa = PBXFileReference; lastKnownFileType = sourcecode.swift; path = BytesConvertible.swift; sourceTree = "<group>"; };
		AA4AE5D523D3008E00A8515D /* HexConvertible.swift */ = {isa = PBXFileReference; lastKnownFileType = sourcecode.swift; path = HexConvertible.swift; sourceTree = "<group>"; };
		AA4AE5D723D300EC00A8515D /* HexUtilsTests.swift */ = {isa = PBXFileReference; lastKnownFileType = sourcecode.swift; path = HexUtilsTests.swift; sourceTree = "<group>"; };
/* End PBXFileReference section */

/* Begin PBXFrameworksBuildPhase section */
		AA4AE5A523D2EA2800A8515D /* Frameworks */ = {
			isa = PBXFrameworksBuildPhase;
			buildActionMask = 2147483647;
			files = (
			);
			runOnlyForDeploymentPostprocessing = 0;
		};
		AA4AE5BB23D2EA2A00A8515D /* Frameworks */ = {
			isa = PBXFrameworksBuildPhase;
			buildActionMask = 2147483647;
			files = (
			);
			runOnlyForDeploymentPostprocessing = 0;
		};
/* End PBXFrameworksBuildPhase section */

/* Begin PBXGroup section */
		AA4AE59F23D2EA2800A8515D = {
			isa = PBXGroup;
			children = (
				AA4AE5AA23D2EA2800A8515D /* SwiftUtilities */,
				AA4AE5C123D2EA2A00A8515D /* SwiftUtilitiesTests */,
				AA4AE5A923D2EA2800A8515D /* Products */,
			);
			sourceTree = "<group>";
		};
		AA4AE5A923D2EA2800A8515D /* Products */ = {
			isa = PBXGroup;
			children = (
				AA4AE5A823D2EA2800A8515D /* SwiftUtilities.app */,
				AA4AE5BE23D2EA2A00A8515D /* SwiftUtilitiesTests.xctest */,
			);
			name = Products;
			sourceTree = "<group>";
		};
		AA4AE5AA23D2EA2800A8515D /* SwiftUtilities */ = {
			isa = PBXGroup;
			children = (
				AA4AE5CD23D2EB3B00A8515D /* SwiftUtilities */,
				AA4AE5AB23D2EA2800A8515D /* AppDelegate.swift */,
				AA4AE5AD23D2EA2800A8515D /* SceneDelegate.swift */,
				AA4AE5AF23D2EA2800A8515D /* ViewController.swift */,
				AA4AE5B123D2EA2800A8515D /* Main.storyboard */,
				AA4AE5B423D2EA2A00A8515D /* Assets.xcassets */,
				AA4AE5B623D2EA2A00A8515D /* LaunchScreen.storyboard */,
				AA4AE5B923D2EA2A00A8515D /* Info.plist */,
			);
			path = SwiftUtilities;
			sourceTree = "<group>";
		};
		AA4AE5C123D2EA2A00A8515D /* SwiftUtilitiesTests */ = {
			isa = PBXGroup;
			children = (
				AA4AE5C223D2EA2A00A8515D /* SwiftUtilitiesTests.swift */,
				AA4AE5D723D300EC00A8515D /* HexUtilsTests.swift */,
				AA4AE5C423D2EA2A00A8515D /* Info.plist */,
			);
			path = SwiftUtilitiesTests;
			sourceTree = "<group>";
		};
		AA4AE5CD23D2EB3B00A8515D /* SwiftUtilities */ = {
			isa = PBXGroup;
			children = (
				AA4AE5D023D2EC7200A8515D /* HexUtils */,
			);
			path = SwiftUtilities;
			sourceTree = "<group>";
		};
		AA4AE5D023D2EC7200A8515D /* HexUtils */ = {
			isa = PBXGroup;
			children = (
				AA4AE5D323D3007C00A8515D /* BytesConvertible.swift */,
				AA4AE5D523D3008E00A8515D /* HexConvertible.swift */,
			);
			path = HexUtils;
			sourceTree = "<group>";
		};
/* End PBXGroup section */

/* Begin PBXNativeTarget section */
		AA4AE5A723D2EA2800A8515D /* SwiftUtilities */ = {
			isa = PBXNativeTarget;
			buildConfigurationList = AA4AE5C723D2EA2A00A8515D /* Build configuration list for PBXNativeTarget "SwiftUtilities" */;
			buildPhases = (
				AA4AE5A423D2EA2800A8515D /* Sources */,
				AA4AE5A523D2EA2800A8515D /* Frameworks */,
				AA4AE5A623D2EA2800A8515D /* Resources */,
			);
			buildRules = (
			);
			dependencies = (
			);
			name = SwiftUtilities;
			productName = SwiftUtilities;
			productReference = AA4AE5A823D2EA2800A8515D /* SwiftUtilities.app */;
			productType = "com.apple.product-type.application";
		};
		AA4AE5BD23D2EA2A00A8515D /* SwiftUtilitiesTests */ = {
			isa = PBXNativeTarget;
			buildConfigurationList = AA4AE5CA23D2EA2A00A8515D /* Build configuration list for PBXNativeTarget "SwiftUtilitiesTests" */;
			buildPhases = (
				AA4AE5BA23D2EA2A00A8515D /* Sources */,
				AA4AE5BB23D2EA2A00A8515D /* Frameworks */,
				AA4AE5BC23D2EA2A00A8515D /* Resources */,
			);
			buildRules = (
			);
			dependencies = (
				AA4AE5C023D2EA2A00A8515D /* PBXTargetDependency */,
			);
			name = SwiftUtilitiesTests;
			productName = SwiftUtilitiesTests;
			productReference = AA4AE5BE23D2EA2A00A8515D /* SwiftUtilitiesTests.xctest */;
			productType = "com.apple.product-type.bundle.unit-test";
		};
/* End PBXNativeTarget section */

/* Begin PBXProject section */
		AA4AE5A023D2EA2800A8515D /* Project object */ = {
			isa = PBXProject;
			attributes = {
				LastSwiftUpdateCheck = 1130;
				LastUpgradeCheck = 1130;
				ORGANIZATIONNAME = WHX;
				TargetAttributes = {
					AA4AE5A723D2EA2800A8515D = {
						CreatedOnToolsVersion = 11.3;
					};
					AA4AE5BD23D2EA2A00A8515D = {
						CreatedOnToolsVersion = 11.3;
						TestTargetID = AA4AE5A723D2EA2800A8515D;
					};
				};
			};
			buildConfigurationList = AA4AE5A323D2EA2800A8515D /* Build configuration list for PBXProject "SwiftUtilities" */;
			compatibilityVersion = "Xcode 9.3";
			developmentRegion = en;
			hasScannedForEncodings = 0;
			knownRegions = (
				en,
				Base,
			);
			mainGroup = AA4AE59F23D2EA2800A8515D;
			productRefGroup = AA4AE5A923D2EA2800A8515D /* Products */;
			projectDirPath = "";
			projectRoot = "";
			targets = (
				AA4AE5A723D2EA2800A8515D /* SwiftUtilities */,
				AA4AE5BD23D2EA2A00A8515D /* SwiftUtilitiesTests */,
			);
		};
/* End PBXProject section */

/* Begin PBXResourcesBuildPhase section */
		AA4AE5A623D2EA2800A8515D /* Resources */ = {
			isa = PBXResourcesBuildPhase;
			buildActionMask = 2147483647;
			files = (
				AA4AE5B823D2EA2A00A8515D /* LaunchScreen.storyboard in Resources */,
				AA4AE5B523D2EA2A00A8515D /* Assets.xcassets in Resources */,
				AA4AE5B323D2EA2800A8515D /* Main.storyboard in Resources */,
			);
			runOnlyForDeploymentPostprocessing = 0;
		};
		AA4AE5BC23D2EA2A00A8515D /* Resources */ = {
			isa = PBXResourcesBuildPhase;
			buildActionMask = 2147483647;
			files = (
			);
			runOnlyForDeploymentPostprocessing = 0;
		};
/* End PBXResourcesBuildPhase section */

/* Begin PBXSourcesBuildPhase section */
		AA4AE5A423D2EA2800A8515D /* Sources */ = {
			isa = PBXSourcesBuildPhase;
			buildActionMask = 2147483647;
			files = (
				AA4AE5B023D2EA2800A8515D /* ViewController.swift in Sources */,
				AA4AE5D423D3007C00A8515D /* BytesConvertible.swift in Sources */,
				AA4AE5D623D3008E00A8515D /* HexConvertible.swift in Sources */,
				AA4AE5AC23D2EA2800A8515D /* AppDelegate.swift in Sources */,
				AA4AE5AE23D2EA2800A8515D /* SceneDelegate.swift in Sources */,
			);
			runOnlyForDeploymentPostprocessing = 0;
		};
		AA4AE5BA23D2EA2A00A8515D /* Sources */ = {
			isa = PBXSourcesBuildPhase;
			buildActionMask = 2147483647;
			files = (
				AA4AE5C323D2EA2A00A8515D /* SwiftUtilitiesTests.swift in Sources */,
				AA4AE5D823D300EC00A8515D /* HexUtilsTests.swift in Sources */,
			);
			runOnlyForDeploymentPostprocessing = 0;
		};
/* End PBXSourcesBuildPhase section */

/* Begin PBXTargetDependency section */
		AA4AE5C023D2EA2A00A8515D /* PBXTargetDependency */ = {
			isa = PBXTargetDependency;
			target = AA4AE5A723D2EA2800A8515D /* SwiftUtilities */;
			targetProxy = AA4AE5BF23D2EA2A00A8515D /* PBXContainerItemProxy */;
		};
/* End PBXTargetDependency section */

/* Begin PBXVariantGroup section */
		AA4AE5B123D2EA2800A8515D /* Main.storyboard */ = {
			isa = PBXVariantGroup;
			children = (
				AA4AE5B223D2EA2800A8515D /* Base */,
			);
			name = Main.storyboard;
			sourceTree = "<group>";
		};
		AA4AE5B623D2EA2A00A8515D /* LaunchScreen.storyboard */ = {
			isa = PBXVariantGroup;
			children = (
				AA4AE5B723D2EA2A00A8515D /* Base */,
			);
			name = LaunchScreen.storyboard;
			sourceTree = "<group>";
		};
/* End PBXVariantGroup section */

/* Begin XCBuildConfiguration section */
		AA4AE5C523D2EA2A00A8515D /* Debug */ = {
			isa = XCBuildConfiguration;
			buildSettings = {
				ALWAYS_SEARCH_USER_PATHS = NO;
				CLANG_ANALYZER_NONNULL = YES;
				CLANG_ANALYZER_NUMBER_OBJECT_CONVERSION = YES_AGGRESSIVE;
				CLANG_CXX_LANGUAGE_STANDARD = "gnu++14";
				CLANG_CXX_LIBRARY = "libc++";
				CLANG_ENABLE_MODULES = YES;
				CLANG_ENABLE_OBJC_ARC = YES;
				CLANG_ENABLE_OBJC_WEAK = YES;
				CLANG_WARN_BLOCK_CAPTURE_AUTORELEASING = YES;
				CLANG_WARN_BOOL_CONVERSION = YES;
				CLANG_WARN_COMMA = YES;
				CLANG_WARN_CONSTANT_CONVERSION = YES;
				CLANG_WARN_DEPRECATED_OBJC_IMPLEMENTATIONS = YES;
				CLANG_WARN_DIRECT_OBJC_ISA_USAGE = YES_ERROR;
				CLANG_WARN_DOCUMENTATION_COMMENTS = YES;
				CLANG_WARN_EMPTY_BODY = YES;
				CLANG_WARN_ENUM_CONVERSION = YES;
				CLANG_WARN_INFINITE_RECURSION = YES;
				CLANG_WARN_INT_CONVERSION = YES;
				CLANG_WARN_NON_LITERAL_NULL_CONVERSION = YES;
				CLANG_WARN_OBJC_IMPLICIT_RETAIN_SELF = YES;
				CLANG_WARN_OBJC_LITERAL_CONVERSION = YES;
				CLANG_WARN_OBJC_ROOT_CLASS = YES_ERROR;
				CLANG_WARN_RANGE_LOOP_ANALYSIS = YES;
				CLANG_WARN_STRICT_PROTOTYPES = YES;
				CLANG_WARN_SUSPICIOUS_MOVE = YES;
				CLANG_WARN_UNGUARDED_AVAILABILITY = YES_AGGRESSIVE;
				CLANG_WARN_UNREACHABLE_CODE = YES;
				CLANG_WARN__DUPLICATE_METHOD_MATCH = YES;
				COPY_PHASE_STRIP = NO;
				DEBUG_INFORMATION_FORMAT = dwarf;
				ENABLE_STRICT_OBJC_MSGSEND = YES;
				ENABLE_TESTABILITY = YES;
				GCC_C_LANGUAGE_STANDARD = gnu11;
				GCC_DYNAMIC_NO_PIC = NO;
				GCC_NO_COMMON_BLOCKS = YES;
				GCC_OPTIMIZATION_LEVEL = 0;
				GCC_PREPROCESSOR_DEFINITIONS = (
					"DEBUG=1",
					"$(inherited)",
				);
				GCC_WARN_64_TO_32_BIT_CONVERSION = YES;
				GCC_WARN_ABOUT_RETURN_TYPE = YES_ERROR;
				GCC_WARN_UNDECLARED_SELECTOR = YES;
				GCC_WARN_UNINITIALIZED_AUTOS = YES_AGGRESSIVE;
				GCC_WARN_UNUSED_FUNCTION = YES;
				GCC_WARN_UNUSED_VARIABLE = YES;
				IPHONEOS_DEPLOYMENT_TARGET = 13.2;
				MTL_ENABLE_DEBUG_INFO = INCLUDE_SOURCE;
				MTL_FAST_MATH = YES;
				ONLY_ACTIVE_ARCH = YES;
				SDKROOT = iphoneos;
				SWIFT_ACTIVE_COMPILATION_CONDITIONS = DEBUG;
				SWIFT_OPTIMIZATION_LEVEL = "-Onone";
			};
			name = Debug;
		};
		AA4AE5C623D2EA2A00A8515D /* Release */ = {
			isa = XCBuildConfiguration;
			buildSettings = {
				ALWAYS_SEARCH_USER_PATHS = NO;
				CLANG_ANALYZER_NONNULL = YES;
				CLANG_ANALYZER_NUMBER_OBJECT_CONVERSION = YES_AGGRESSIVE;
				CLANG_CXX_LANGUAGE_STANDARD = "gnu++14";
				CLANG_CXX_LIBRARY = "libc++";
				CLANG_ENABLE_MODULES = YES;
				CLANG_ENABLE_OBJC_ARC = YES;
				CLANG_ENABLE_OBJC_WEAK = YES;
				CLANG_WARN_BLOCK_CAPTURE_AUTORELEASING = YES;
				CLANG_WARN_BOOL_CONVERSION = YES;
				CLANG_WARN_COMMA = YES;
				CLANG_WARN_CONSTANT_CONVERSION = YES;
				CLANG_WARN_DEPRECATED_OBJC_IMPLEMENTATIONS = YES;
				CLANG_WARN_DIRECT_OBJC_ISA_USAGE = YES_ERROR;
				CLANG_WARN_DOCUMENTATION_COMMENTS = YES;
				CLANG_WARN_EMPTY_BODY = YES;
				CLANG_WARN_ENUM_CONVERSION = YES;
				CLANG_WARN_INFINITE_RECURSION = YES;
				CLANG_WARN_INT_CONVERSION = YES;
				CLANG_WARN_NON_LITERAL_NULL_CONVERSION = YES;
				CLANG_WARN_OBJC_IMPLICIT_RETAIN_SELF = YES;
				CLANG_WARN_OBJC_LITERAL_CONVERSION = YES;
				CLANG_WARN_OBJC_ROOT_CLASS = YES_ERROR;
				CLANG_WARN_RANGE_LOOP_ANALYSIS = YES;
				CLANG_WARN_STRICT_PROTOTYPES = YES;
				CLANG_WARN_SUSPICIOUS_MOVE = YES;
				CLANG_WARN_UNGUARDED_AVAILABILITY = YES_AGGRESSIVE;
				CLANG_WARN_UNREACHABLE_CODE = YES;
				CLANG_WARN__DUPLICATE_METHOD_MATCH = YES;
				COPY_PHASE_STRIP = NO;
				DEBUG_INFORMATION_FORMAT = "dwarf-with-dsym";
				ENABLE_NS_ASSERTIONS = NO;
				ENABLE_STRICT_OBJC_MSGSEND = YES;
				GCC_C_LANGUAGE_STANDARD = gnu11;
				GCC_NO_COMMON_BLOCKS = YES;
				GCC_WARN_64_TO_32_BIT_CONVERSION = YES;
				GCC_WARN_ABOUT_RETURN_TYPE = YES_ERROR;
				GCC_WARN_UNDECLARED_SELECTOR = YES;
				GCC_WARN_UNINITIALIZED_AUTOS = YES_AGGRESSIVE;
				GCC_WARN_UNUSED_FUNCTION = YES;
				GCC_WARN_UNUSED_VARIABLE = YES;
				IPHONEOS_DEPLOYMENT_TARGET = 13.2;
				MTL_ENABLE_DEBUG_INFO = NO;
				MTL_FAST_MATH = YES;
				SDKROOT = iphoneos;
				SWIFT_COMPILATION_MODE = wholemodule;
				SWIFT_OPTIMIZATION_LEVEL = "-O";
				VALIDATE_PRODUCT = YES;
			};
			name = Release;
		};
		AA4AE5C823D2EA2A00A8515D /* Debug */ = {
			isa = XCBuildConfiguration;
			buildSettings = {
				ASSETCATALOG_COMPILER_APPICON_NAME = AppIcon;
				CODE_SIGN_STYLE = Automatic;
				DEVELOPMENT_TEAM = 77S76QM4E8;
				INFOPLIST_FILE = SwiftUtilities/Info.plist;
				LD_RUNPATH_SEARCH_PATHS = (
					"$(inherited)",
					"@executable_path/Frameworks",
				);
				PRODUCT_BUNDLE_IDENTIFIER = com.whx.SwiftUtilities;
				PRODUCT_NAME = "$(TARGET_NAME)";
				SWIFT_VERSION = 5.0;
				TARGETED_DEVICE_FAMILY = "1,2";
			};
			name = Debug;
		};
		AA4AE5C923D2EA2A00A8515D /* Release */ = {
			isa = XCBuildConfiguration;
			buildSettings = {
				ASSETCATALOG_COMPILER_APPICON_NAME = AppIcon;
				CODE_SIGN_STYLE = Automatic;
				DEVELOPMENT_TEAM = 77S76QM4E8;
				INFOPLIST_FILE = SwiftUtilities/Info.plist;
				LD_RUNPATH_SEARCH_PATHS = (
					"$(inherited)",
					"@executable_path/Frameworks",
				);
				PRODUCT_BUNDLE_IDENTIFIER = com.whx.SwiftUtilities;
				PRODUCT_NAME = "$(TARGET_NAME)";
				SWIFT_VERSION = 5.0;
				TARGETED_DEVICE_FAMILY = "1,2";
			};
			name = Release;
		};
		AA4AE5CB23D2EA2A00A8515D /* Debug */ = {
			isa = XCBuildConfiguration;
			buildSettings = {
				ALWAYS_EMBED_SWIFT_STANDARD_LIBRARIES = YES;
				BUNDLE_LOADER = "$(TEST_HOST)";
				CODE_SIGN_STYLE = Automatic;
				DEVELOPMENT_TEAM = 77S76QM4E8;
				INFOPLIST_FILE = SwiftUtilitiesTests/Info.plist;
				IPHONEOS_DEPLOYMENT_TARGET = 13.2;
				LD_RUNPATH_SEARCH_PATHS = (
					"$(inherited)",
					"@executable_path/Frameworks",
					"@loader_path/Frameworks",
				);
				PRODUCT_BUNDLE_IDENTIFIER = com.whx.SwiftUtilitiesTests;
				PRODUCT_NAME = "$(TARGET_NAME)";
				SWIFT_VERSION = 5.0;
				TARGETED_DEVICE_FAMILY = "1,2";
				TEST_HOST = "$(BUILT_PRODUCTS_DIR)/SwiftUtilities.app/SwiftUtilities";
			};
			name = Debug;
		};
		AA4AE5CC23D2EA2A00A8515D /* Release */ = {
			isa = XCBuildConfiguration;
			buildSettings = {
				ALWAYS_EMBED_SWIFT_STANDARD_LIBRARIES = YES;
				BUNDLE_LOADER = "$(TEST_HOST)";
				CODE_SIGN_STYLE = Automatic;
				DEVELOPMENT_TEAM = 77S76QM4E8;
				INFOPLIST_FILE = SwiftUtilitiesTests/Info.plist;
				IPHONEOS_DEPLOYMENT_TARGET = 13.2;
				LD_RUNPATH_SEARCH_PATHS = (
					"$(inherited)",
					"@executable_path/Frameworks",
					"@loader_path/Frameworks",
				);
				PRODUCT_BUNDLE_IDENTIFIER = com.whx.SwiftUtilitiesTests;
				PRODUCT_NAME = "$(TARGET_NAME)";
				SWIFT_VERSION = 5.0;
				TARGETED_DEVICE_FAMILY = "1,2";
				TEST_HOST = "$(BUILT_PRODUCTS_DIR)/SwiftUtilities.app/SwiftUtilities";
			};
			name = Release;
		};
/* End XCBuildConfiguration section */

/* Begin XCConfigurationList section */
		AA4AE5A323D2EA2800A8515D /* Build configuration list for PBXProject "SwiftUtilities" */ = {
			isa = XCConfigurationList;
			buildConfigurations = (
				AA4AE5C523D2EA2A00A8515D /* Debug */,
				AA4AE5C623D2EA2A00A8515D /* Release */,
			);
			defaultConfigurationIsVisible = 0;
			defaultConfigurationName = Release;
		};
		AA4AE5C723D2EA2A00A8515D /* Build configuration list for PBXNativeTarget "SwiftUtilities" */ = {
			isa = XCConfigurationList;
			buildConfigurations = (
				AA4AE5C823D2EA2A00A8515D /* Debug */,
				AA4AE5C923D2EA2A00A8515D /* Release */,
			);
			defaultConfigurationIsVisible = 0;
			defaultConfigurationName = Release;
		};
		AA4AE5CA23D2EA2A00A8515D /* Build configuration list for PBXNativeTarget "SwiftUtilitiesTests" */ = {
			isa = XCConfigurationList;
			buildConfigurations = (
				AA4AE5CB23D2EA2A00A8515D /* Debug */,
				AA4AE5CC23D2EA2A00A8515D /* Release */,
			);
			defaultConfigurationIsVisible = 0;
			defaultConfigurationName = Release;
		};
/* End XCConfigurationList section */
	};
	rootObject = AA4AE5A023D2EA2800A8515D /* Project object */;
}
